
Microsoft Visual Studio Solution File, Format Version 12.00
# Visual Studio Version 16
VisualStudioVersion = 16.0.31129.286
MinimumVisualStudioVersion = 10.0.40219.1
Project("{FAE04EC0-301F-11D3-BF4B-00C04F79EFBC}") = "nfa2dfa", "nfa2dfa\nfa2dfa.csproj", "{93EDE2A4-BF18-49AE-BF9A-09A3C00828AA}"
EndProject
Global
	GlobalSection(SolutionConfigurationPlatforms) = preSolution
		Debug|Any CPU = Debug|Any CPU
		Release|Any CPU = Release|Any CPU
	EndGlobalSection
	GlobalSection(ProjectConfigurationPlatforms) = postSolution
		{93EDE2A4-BF18-49AE-BF9A-09A3C00828AA}.Debug|Any CPU.ActiveCfg = Debug|Any CPU
		{93EDE2A4-BF18-49AE-BF9A-09A3C00828AA}.Debug|Any CPU.Build.0 = Debug|Any CPU
		{93EDE2A4-BF18-49AE-BF9A-09A3C00828AA}.Release|Any CPU.ActiveCfg = Release|Any CPU
		{93EDE2A4-BF18-49AE-BF9A-09A3C00828AA}.Release|Any CPU.Build.0 = Release|Any CPU
	EndGlobalSection
	GlobalSection(SolutionProperties) = preSolution
		HideSolutionNode = FALSE
	EndGlobalSection
	GlobalSection(ExtensibilityGlobals) = postSolution
		SolutionGuid = {E5FD50D3-E915-4419-8D64-EAB173D9CE53}
	EndGlobalSection
EndGlobal
